
Microsoft Visual Studio Solution File, Format Version 12.00
# Visual Studio Version 17
VisualStudioVersion = 17.3.32922.545
MinimumVisualStudioVersion = 10.0.40219.1
Project("{FAE04EC0-301F-11D3-BF4B-00C04F79EFBC}") = "SaleManagement.winform", "SaleManagement.winform\SaleManagement.winform.csproj", "{4606C55F-6E58-4ABB-A922-1B870326C7CA}"
EndProject
Project("{FAE04EC0-301F-11D3-BF4B-00C04F79EFBC}") = "SaleManagement.repo", "SaleManagement.repo\SaleManagement.repo.csproj", "{594EF6B5-3A65-4FE3-BE48-8D9BA99F0B08}"
EndProject
Global
	GlobalSection(SolutionConfigurationPlatforms) = preSolution
		Debug|Any CPU = Debug|Any CPU
		Release|Any CPU = Release|Any CPU
	EndGlobalSection
	GlobalSection(ProjectConfigurationPlatforms) = postSolution
		{4606C55F-6E58-4ABB-A922-1B870326C7CA}.Debug|Any CPU.ActiveCfg = Debug|Any CPU
		{4606C55F-6E58-4ABB-A922-1B870326C7CA}.Debug|Any CPU.Build.0 = Debug|Any CPU
		{4606C55F-6E58-4ABB-A922-1B870326C7CA}.Release|Any CPU.ActiveCfg = Release|Any CPU
		{4606C55F-6E58-4ABB-A922-1B870326C7CA}.Release|Any CPU.Build.0 = Release|Any CPU
		{594EF6B5-3A65-4FE3-BE48-8D9BA99F0B08}.Debug|Any CPU.ActiveCfg = Debug|Any CPU
		{594EF6B5-3A65-4FE3-BE48-8D9BA99F0B08}.Debug|Any CPU.Build.0 = Debug|Any CPU
		{594EF6B5-3A65-4FE3-BE48-8D9BA99F0B08}.Release|Any CPU.ActiveCfg = Release|Any CPU
		{594EF6B5-3A65-4FE3-BE48-8D9BA99F0B08}.Release|Any CPU.Build.0 = Release|Any CPU
	EndGlobalSection
	GlobalSection(SolutionProperties) = preSolution
		HideSolutionNode = FALSE
	EndGlobalSection
	GlobalSection(ExtensibilityGlobals) = postSolution
		SolutionGuid = {F18791E0-CDE4-44E3-B233-C93280857F7C}
	EndGlobalSection
EndGlobal
